
Microsoft Visual Studio Solution File, Format Version 12.00
# Visual Studio Version 17
VisualStudioVersion = 17.1.32210.238
MinimumVisualStudioVersion = 10.0.40219.1
Project("{FAE04EC0-301F-11D3-BF4B-00C04F79EFBC}") = "ccr.api", "ccr.api\ccr.api.csproj", "{4A696D92-2C75-4DCB-A7A3-FEA6D1889299}"
EndProject
Global
	GlobalSection(SolutionConfigurationPlatforms) = preSolution
		Debug|Any CPU = Debug|Any CPU
		Release|Any CPU = Release|Any CPU
	EndGlobalSection
	GlobalSection(ProjectConfigurationPlatforms) = postSolution
		{4A696D92-2C75-4DCB-A7A3-FEA6D1889299}.Debug|Any CPU.ActiveCfg = Debug|Any CPU
		{4A696D92-2C75-4DCB-A7A3-FEA6D1889299}.Debug|Any CPU.Build.0 = Debug|Any CPU
		{4A696D92-2C75-4DCB-A7A3-FEA6D1889299}.Release|Any CPU.ActiveCfg = Release|Any CPU
		{4A696D92-2C75-4DCB-A7A3-FEA6D1889299}.Release|Any CPU.Build.0 = Release|Any CPU
	EndGlobalSection
	GlobalSection(SolutionProperties) = preSolution
		HideSolutionNode = FALSE
	EndGlobalSection
	GlobalSection(ExtensibilityGlobals) = postSolution
		SolutionGuid = {6CB1CC9F-90BF-4AC3-A318-45DF9F25519A}
	EndGlobalSection
EndGlobal
